
Microsoft Visual Studio Solution File, Format Version 12.00
Project("{FAE04EC0-301F-11D3-BF4B-00C04F79EFBC}") = "Server", "Server\Server.csproj", "{D9F5D65C-55F8-4AE4-B09D-AD6AA55C6768}"
EndProject
Project("{FAE04EC0-301F-11D3-BF4B-00C04F79EFBC}") = "Client", "Client\Client.csproj", "{EEDEBCB5-ED4C-4C2A-B450-DE7B4AABD38E}"
EndProject
Project("{FAE04EC0-301F-11D3-BF4B-00C04F79EFBC}") = "Core", "Core\Core.csproj", "{88EE75D1-84A0-4F3C-9965-E9F09A62393C}"
EndProject
Global
	GlobalSection(SolutionConfigurationPlatforms) = preSolution
		Debug|Any CPU = Debug|Any CPU
		Release|Any CPU = Release|Any CPU
	EndGlobalSection
	GlobalSection(ProjectConfigurationPlatforms) = postSolution
		{D9F5D65C-55F8-4AE4-B09D-AD6AA55C6768}.Debug|Any CPU.ActiveCfg = Debug|Any CPU
		{D9F5D65C-55F8-4AE4-B09D-AD6AA55C6768}.Debug|Any CPU.Build.0 = Debug|Any CPU
		{D9F5D65C-55F8-4AE4-B09D-AD6AA55C6768}.Release|Any CPU.ActiveCfg = Release|Any CPU
		{D9F5D65C-55F8-4AE4-B09D-AD6AA55C6768}.Release|Any CPU.Build.0 = Release|Any CPU
		{EEDEBCB5-ED4C-4C2A-B450-DE7B4AABD38E}.Debug|Any CPU.ActiveCfg = Debug|Any CPU
		{EEDEBCB5-ED4C-4C2A-B450-DE7B4AABD38E}.Debug|Any CPU.Build.0 = Debug|Any CPU
		{EEDEBCB5-ED4C-4C2A-B450-DE7B4AABD38E}.Release|Any CPU.ActiveCfg = Release|Any CPU
		{EEDEBCB5-ED4C-4C2A-B450-DE7B4AABD38E}.Release|Any CPU.Build.0 = Release|Any CPU
		{88EE75D1-84A0-4F3C-9965-E9F09A62393C}.Debug|Any CPU.ActiveCfg = Debug|Any CPU
		{88EE75D1-84A0-4F3C-9965-E9F09A62393C}.Debug|Any CPU.Build.0 = Debug|Any CPU
		{88EE75D1-84A0-4F3C-9965-E9F09A62393C}.Release|Any CPU.ActiveCfg = Release|Any CPU
		{88EE75D1-84A0-4F3C-9965-E9F09A62393C}.Release|Any CPU.Build.0 = Release|Any CPU
	EndGlobalSection
EndGlobal
